{
  "name": "bookmark_with_pocket",
  "version": "0.1.0",
  "lockfileVersion": 2,
  "requires": true,
  "packages": {
    "": {
      "name": "bookmark_with_pocket",
      "version": "0.1.0",
      "license": "ISC",
      "devDependencies": {
        "@types/node": "^16.11.9",
        "@unocss/reset": "^0.16.2",
        "unocss": "^0.16.2"
      }
    },
    "node_modules/@antfu/utils": {
      "version": "0.3.0",
      "resolved": "https://registry.npmjs.org/@antfu/utils/-/utils-0.3.0.tgz",
      "integrity": "sha512-UU8TLr/EoXdg7OjMp0h9oDoIAVr+Z/oW9cpOxQQyrsz6Qzd2ms/1CdWx8fl2OQdFpxGmq5Vc4TwfLHId6nAZjA==",
      "dev": true,
      "dependencies": {
        "@types/throttle-debounce": "^2.1.0"
      },
      "funding": {
        "url": "https://github.com/sponsors/antfu"
      }
    },
    "node_modules/@iconify/types": {
      "version": "1.0.12",
      "resolved": "https://registry.npmjs.org/@iconify/types/-/types-1.0.12.tgz",
      "integrity": "sha512-6er6wSGF3hgc1JEZqiGpg21CTCjHBYOUwqLmb2Idzkjiw6ogalGP0ZMLVutCzah+0WB4yP+Zd2oVPN8jvJ+Ftg==",
      "dev": true
    },
    "node_modules/@iconify/utils": {
      "version": "1.0.20",
      "resolved": "https://registry.npmjs.org/@iconify/utils/-/utils-1.0.20.tgz",
      "integrity": "sha512-J5IriR8KeANs8vIEFKWzOlOvNgZHkwqkmqaIwvqtuDbBeFHtXGfM/LYMDmjtRJ0AAa7f254qw6TK7gAibYfHUA==",
      "dev": true,
      "dependencies": {
        "@iconify/types": "^1.0.12"
      }
    },
    "node_modules/@nodelib/fs.scandir": {
      "version": "2.1.5",
      "resolved": "https://registry.npmjs.org/@nodelib/fs.scandir/-/fs.scandir-2.1.5.tgz",
      "integrity": "sha512-vq24Bq3ym5HEQm2NKCr3yXDwjc7vTsEThRDnkp2DK9p1uqLR+DHurm/NOTo0KG7HYHU7eppKZj3MyqYuMBf62g==",
      "dev": true,
      "dependencies": {
        "@nodelib/fs.stat": "2.0.5",
        "run-parallel": "^1.1.9"
      },
      "engines": {
        "node": ">= 8"
      }
    },
    "node_modules/@nodelib/fs.stat": {
      "version": "2.0.5",
      "resolved": "https://registry.npmjs.org/@nodelib/fs.stat/-/fs.stat-2.0.5.tgz",
      "integrity": "sha512-RkhPPp2zrqDAQA/2jNhnztcPAlv64XdhIp7a7454A5ovI7Bukxgt7MX7udwAu3zg1DcpPU0rz3VV1SeaqvY4+A==",
      "dev": true,
      "engines": {
        "node": ">= 8"
      }
    },
    "node_modules/@nodelib/fs.walk": {
      "version": "1.2.8",
      "resolved": "https://registry.npmjs.org/@nodelib/fs.walk/-/fs.walk-1.2.8.tgz",
      "integrity": "sha512-oGB+UxlgWcgQkgwo8GcEGwemoTFt3FIO9ababBmaGwXIoBKZ+GTy0pP185beGg7Llih/NSHSV2XAs1lnznocSg==",
      "dev": true,
      "dependencies": {
        "@nodelib/fs.scandir": "2.1.5",
        "fastq": "^1.6.0"
      },
      "engines": {
        "node": ">= 8"
      }
    },
    "node_modules/@polka/url": {
      "version": "1.0.0-next.21",
      "resolved": "https://registry.npmjs.org/@polka/url/-/url-1.0.0-next.21.tgz",
      "integrity": "sha512-a5Sab1C4/icpTZVzZc5Ghpz88yQtGOyNqYXcZgOssB2uuAr+wF/MvN6bgtW32q7HHrvBki+BsZ0OuNv6EV3K9g==",
      "dev": true
    },
    "node_modules/@rollup/pluginutils": {
      "version": "4.1.1",
      "resolved": "https://registry.npmjs.org/@rollup/pluginutils/-/pluginutils-4.1.1.tgz",
      "integrity": "sha512-clDjivHqWGXi7u+0d2r2sBi4Ie6VLEAzWMIkvJLnDmxoOhBYOTfzGbOQBA32THHm11/LiJbd01tJUpJsbshSWQ==",
      "dev": true,
      "dependencies": {
        "estree-walker": "^2.0.1",
        "picomatch": "^2.2.2"
      },
      "engines": {
        "node": ">= 8.0.0"
      }
    },
    "node_modules/@types/node": {
      "version": "16.11.12",
      "resolved": "https://registry.npmjs.org/@types/node/-/node-16.11.12.tgz",
      "integrity": "sha512-+2Iggwg7PxoO5Kyhvsq9VarmPbIelXP070HMImEpbtGCoyWNINQj4wzjbQCXzdHTRXnqufutJb5KAURZANNBAw==",
      "dev": true
    },
    "node_modules/@types/throttle-debounce": {
      "version": "2.1.0",
      "resolved": "https://registry.npmjs.org/@types/throttle-debounce/-/throttle-debounce-2.1.0.tgz",
      "integrity": "sha512-5eQEtSCoESnh2FsiLTxE121IiE60hnMqcb435fShf4bpLRjEu1Eoekht23y6zXS9Ts3l+Szu3TARnTsA0GkOkQ==",
      "dev": true
    },
    "node_modules/@unocss/cli": {
      "version": "0.16.2",
      "resolved": "https://registry.npmjs.org/@unocss/cli/-/cli-0.16.2.tgz",
      "integrity": "sha512-FT+O6cbGreuyLr1SBhmYzbfXRo2Vqaz6jn6auHdkY28fa2aYe61u6A/GqaTm5GVMmohgJATS+g5fuZYu4iSjxQ==",
      "dev": true,
      "dependencies": {
        "@unocss/config": "0.16.2",
        "@unocss/core": "0.16.2",
        "@unocss/preset-uno": "0.16.2",
        "cac": "^6.7.12",
        "chokidar": "^3.5.2",
        "colorette": "^2.0.16",
        "consola": "^2.15.3",
        "fast-glob": "^3.2.7",
        "pathe": "^0.2.0"
      },
      "bin": {
        "unocss": "bin/unocss.cjs"
      },
      "engines": {
        "node": ">=14"
      },
      "funding": {
        "url": "https://github.com/sponsors/antfu"
      }
    },
    "node_modules/@unocss/config": {
      "version": "0.16.2",
      "resolved": "https://registry.npmjs.org/@unocss/config/-/config-0.16.2.tgz",
      "integrity": "sha512-luu4fmxXD3MZjIU+kQQrJTA+LK3u3CAITKFR82MZ9fOhW72R1iH4/lUQKDj06oZFCM42/KKYSgPtN+pelxLVHA==",
      "dev": true,
      "dependencies": {
        "@unocss/core": "0.16.2",
        "unconfig": "^0.2.2"
      },
      "engines": {
        "node": ">=14"
      },
      "funding": {
        "url": "https://github.com/sponsors/antfu"
      }
    },
    "node_modules/@unocss/core": {
      "version": "0.16.2",
      "resolved": "https://registry.npmjs.org/@unocss/core/-/core-0.16.2.tgz",
      "integrity": "sha512-oBCikoRwfKAGeyEAMgdDrIEo9R/37+xwHdIGD7ayH/ODXgrPLR7GppZpHXNHgAPgVY74gz+WTf9sXXwf7XNEbw==",
      "dev": true,
      "funding": {
        "url": "https://github.com/sponsors/antfu"
      }
    },
    "node_modules/@unocss/inspector": {
      "version": "0.16.2",
      "resolved": "https://registry.npmjs.org/@unocss/inspector/-/inspector-0.16.2.tgz",
      "integrity": "sha512-CD4WTqsKl3AryJeiIq1H8Sxpk87WGFl59PA3UOkbcLxEhn4W0P4Sf0I4ORyBxUDrH3n3Ovk93PBB756/G3bDrg==",
      "dev": true,
      "dependencies": {
        "gzip-size": "^6.0.0",
        "sirv": "^1.0.19"
      },
      "funding": {
        "url": "https://github.com/sponsors/antfu"
      }
    },
    "node_modules/@unocss/preset-attributify": {
      "version": "0.16.2",
      "resolved": "https://registry.npmjs.org/@unocss/preset-attributify/-/preset-attributify-0.16.2.tgz",
      "integrity": "sha512-ljN1tsFWSeOnX9PZ/aLKAyFm5dUwfero2Px1Vo9T50rmjq/3HngJvThLFVpbAVei6pzlMAwHK5sirG7Zzob39g==",
      "dev": true,
      "dependencies": {
        "@unocss/core": "0.16.2"
      },
      "funding": {
        "url": "https://github.com/sponsors/antfu"
      }
    },
    "node_modules/@unocss/preset-icons": {
      "version": "0.16.2",
      "resolved": "https://registry.npmjs.org/@unocss/preset-icons/-/preset-icons-0.16.2.tgz",
      "integrity": "sha512-rVSyK0byGuaIv/WwvgXxyYSxxRn7ju5GWTygacVQsdyF8bUOtLsD4oey/5Y8kgtbV+2M7E3gabL/IW5lWATsMw==",
      "dev": true,
      "dependencies": {
        "@iconify/utils": "^1.0.20",
        "@unocss/core": "0.16.2",
        "local-pkg": "^0.4.0"
      },
      "funding": {
        "url": "https://github.com/sponsors/antfu"
      }
    },
    "node_modules/@unocss/preset-mini": {
      "version": "0.16.2",
      "resolved": "https://registry.npmjs.org/@unocss/preset-mini/-/preset-mini-0.16.2.tgz",
      "integrity": "sha512-nxaSepqMxRtOhmDVs8s0nUk8MwUZcioN8vfyXDS3+fgjS64Gu0KZl8Lalt/j3ptT+y4rFrW15zgdHMXxaVb5gw==",
      "dev": true,
      "dependencies": {
        "@unocss/core": "0.16.2"
      },
      "funding": {
        "url": "https://github.com/sponsors/antfu"
      }
    },
    "node_modules/@unocss/preset-uno": {
      "version": "0.16.2",
      "resolved": "https://registry.npmjs.org/@unocss/preset-uno/-/preset-uno-0.16.2.tgz",
      "integrity": "sha512-fNqLWdC1ijq4iHxzmJ3aJwBV7vImGqIAq5sqQ7I4WfhTxlHCG/Uyzq1Mmr9XLlzJ9mB5KS2SuK0GOxAmXnVFbA==",
      "dev": true,
      "dependencies": {
        "@unocss/core": "0.16.2",
        "@unocss/preset-mini": "0.16.2",
        "@unocss/preset-wind": "0.16.2"
      },
      "funding": {
        "url": "https://github.com/sponsors/antfu"
      }
    },
    "node_modules/@unocss/preset-wind": {
      "version": "0.16.2",
      "resolved": "https://registry.npmjs.org/@unocss/preset-wind/-/preset-wind-0.16.2.tgz",
      "integrity": "sha512-kcVKdroO9HVQpNjswetHLqAs/bZ3b2HxTDYH0ptIZhRHLTYjr4eiBLogQ3MRpnHMPL6gU6m3RsXhu7YnIbic7g==",
      "dev": true,
      "dependencies": {
        "@unocss/core": "0.16.2",
        "@unocss/preset-mini": "0.16.2"
      },
      "funding": {
        "url": "https://github.com/sponsors/antfu"
      }
    },
    "node_modules/@unocss/reset": {
      "version": "0.16.2",
      "resolved": "https://registry.npmjs.org/@unocss/reset/-/reset-0.16.2.tgz",
      "integrity": "sha512-QeJnGFGUsv6OUkFyJctXwezV6zJkQWbfX/sPntWz7szMfHv/tZqmMhrb8mex3qhs2R4LGMRqsvLydCivtJZz7w==",
      "dev": true,
      "funding": {
        "url": "https://github.com/sponsors/antfu"
      }
    },
    "node_modules/@unocss/scope": {
      "version": "0.16.2",
      "resolved": "https://registry.npmjs.org/@unocss/scope/-/scope-0.16.2.tgz",
      "integrity": "sha512-j+7l3eH4Pij9ObEtDjH2ZM8RsUjuSYzhhh63v6T/iQoRLFPreYKpPpd20PxZXdJ93w5Ygo1uBTGn1g1ST/V3tg==",
      "dev": true
    },
    "node_modules/@unocss/vite": {
      "version": "0.16.2",
      "resolved": "https://registry.npmjs.org/@unocss/vite/-/vite-0.16.2.tgz",
      "integrity": "sha512-EzI8JUVQF+09Iw1Tlc1twyveR/DawJknyxfCL9SEYRKQ8abTVRBuAWtnL9PEFbioW//dKay5k4kk/s/TRvdL/g==",
      "dev": true,
      "dependencies": {
        "@rollup/pluginutils": "^4.1.1",
        "@unocss/config": "0.16.2",
        "@unocss/core": "0.16.2",
        "@unocss/inspector": "0.16.2",
        "@unocss/scope": "0.16.2"
      },
      "funding": {
        "url": "https://github.com/sponsors/antfu"
      }
    },
    "node_modules/anymatch": {
      "version": "3.1.2",
      "resolved": "https://registry.npmjs.org/anymatch/-/anymatch-3.1.2.tgz",
      "integrity": "sha512-P43ePfOAIupkguHUycrc4qJ9kz8ZiuOUijaETwX7THt0Y/GNK7v0aa8rY816xWjZ7rJdA5XdMcpVFTKMq+RvWg==",
      "dev": true,
      "dependencies": {
        "normalize-path": "^3.0.0",
        "picomatch": "^2.0.4"
      },
      "engines": {
        "node": ">= 8"
      }
    },
    "node_modules/binary-extensions": {
      "version": "2.2.0",
      "resolved": "https://registry.npmjs.org/binary-extensions/-/binary-extensions-2.2.0.tgz",
      "integrity": "sha512-jDctJ/IVQbZoJykoeHbhXpOlNBqGNcwXJKJog42E5HDPUwQTSdjCHdihjj0DlnheQ7blbT6dHOafNAiS8ooQKA==",
      "dev": true,
      "engines": {
        "node": ">=8"
      }
    },
    "node_modules/braces": {
      "version": "3.0.2",
      "resolved": "https://registry.npmjs.org/braces/-/braces-3.0.2.tgz",
      "integrity": "sha512-b8um+L1RzM3WDSzvhm6gIz1yfTbBt6YTlcEKAvsmqCZZFw46z626lVj9j1yEPW33H5H+lBQpZMP1k8l+78Ha0A==",
      "dev": true,
      "dependencies": {
        "fill-range": "^7.0.1"
      },
      "engines": {
        "node": ">=8"
      }
    },
    "node_modules/builtins": {
      "version": "4.0.0",
      "resolved": "https://registry.npmjs.org/builtins/-/builtins-4.0.0.tgz",
      "integrity": "sha512-qC0E2Dxgou1IHhvJSLwGDSTvokbRovU5zZFuDY6oY8Y2lF3nGt5Ad8YZK7GMtqzY84Wu7pXTPeHQeHcXSXsRhw==",
      "dev": true,
      "dependencies": {
        "semver": "^7.0.0"
      }
    },
    "node_modules/cac": {
      "version": "6.7.12",
      "resolved": "https://registry.npmjs.org/cac/-/cac-6.7.12.tgz",
      "integrity": "sha512-rM7E2ygtMkJqD9c7WnFU6fruFcN3xe4FM5yUmgxhZzIKJk4uHl9U/fhwdajGFQbQuv43FAUo1Fe8gX/oIKDeSA==",
      "dev": true,
      "engines": {
        "node": ">=8"
      }
    },
    "node_modules/chokidar": {
      "version": "3.5.2",
      "resolved": "https://registry.npmjs.org/chokidar/-/chokidar-3.5.2.tgz",
      "integrity": "sha512-ekGhOnNVPgT77r4K/U3GDhu+FQ2S8TnK/s2KbIGXi0SZWuwkZ2QNyfWdZW+TVfn84DpEP7rLeCt2UI6bJ8GwbQ==",
      "dev": true,
      "dependencies": {
        "anymatch": "~3.1.2",
        "braces": "~3.0.2",
        "glob-parent": "~5.1.2",
        "is-binary-path": "~2.1.0",
        "is-glob": "~4.0.1",
        "normalize-path": "~3.0.0",
        "readdirp": "~3.6.0"
      },
      "engines": {
        "node": ">= 8.10.0"
      },
      "optionalDependencies": {
        "fsevents": "~2.3.2"
      }
    },
    "node_modules/colorette": {
      "version": "2.0.16",
      "resolved": "https://registry.npmjs.org/colorette/-/colorette-2.0.16.tgz",
      "integrity": "sha512-hUewv7oMjCp+wkBv5Rm0v87eJhq4woh5rSR+42YSQJKecCqgIqNkZ6lAlQms/BwHPJA5NKMRlpxPRv0n8HQW6g==",
      "dev": true
    },
    "node_modules/consola": {
      "version": "2.15.3",
      "resolved": "https://registry.npmjs.org/consola/-/consola-2.15.3.tgz",
      "integrity": "sha512-9vAdYbHj6x2fLKC4+oPH0kFzY/orMZyG2Aj+kNylHxKGJ/Ed4dpNyAQYwJOdqO4zdM7XpVHmyejQDcQHrnuXbw==",
      "dev": true
    },
    "node_modules/defu": {
      "version": "5.0.0",
      "resolved": "https://registry.npmjs.org/defu/-/defu-5.0.0.tgz",
      "integrity": "sha512-VHg73EDeRXlu7oYWRmmrNp/nl7QkdXUxkQQKig0Zk8daNmm84AbGoC8Be6/VVLJEKxn12hR0UBmz8O+xQiAPKQ==",
      "dev": true
    },
    "node_modules/duplexer": {
      "version": "0.1.2",
      "resolved": "https://registry.npmjs.org/duplexer/-/duplexer-0.1.2.tgz",
      "integrity": "sha512-jtD6YG370ZCIi/9GTaJKQxWTZD045+4R4hTk/x1UyoqadyJ9x9CgSi1RlVDQF8U2sxLLSnFkCaMihqljHIWgMg==",
      "dev": true
    },
    "node_modules/estree-walker": {
      "version": "2.0.2",
      "resolved": "https://registry.npmjs.org/estree-walker/-/estree-walker-2.0.2.tgz",
      "integrity": "sha512-Rfkk/Mp/DL7JVje3u18FxFujQlTNR2q6QfMSMB7AvCBx91NGj/ba3kCfza0f6dVDbw7YlRf/nDrn7pQrCCyQ/w==",
      "dev": true
    },
    "node_modules/fast-glob": {
      "version": "3.2.7",
      "resolved": "https://registry.npmjs.org/fast-glob/-/fast-glob-3.2.7.tgz",
      "integrity": "sha512-rYGMRwip6lUMvYD3BTScMwT1HtAs2d71SMv66Vrxs0IekGZEjhM0pcMfjQPnknBt2zeCwQMEupiN02ZP4DiT1Q==",
      "dev": true,
      "dependencies": {
        "@nodelib/fs.stat": "^2.0.2",
        "@nodelib/fs.walk": "^1.2.3",
        "glob-parent": "^5.1.2",
        "merge2": "^1.3.0",
        "micromatch": "^4.0.4"
      },
      "engines": {
        "node": ">=8"
      }
    },
    "node_modules/fastq": {
      "version": "1.13.0",
      "resolved": "https://registry.npmjs.org/fastq/-/fastq-1.13.0.tgz",
      "integrity": "sha512-YpkpUnK8od0o1hmeSc7UUs/eB/vIPWJYjKck2QKIzAf71Vm1AAQ3EbuZB3g2JIy+pg+ERD0vqI79KyZiB2e2Nw==",
      "dev": true,
      "dependencies": {
        "reusify": "^1.0.4"
      }
    },
    "node_modules/fill-range": {
      "version": "7.0.1",
      "resolved": "https://registry.npmjs.org/fill-range/-/fill-range-7.0.1.tgz",
      "integrity": "sha512-qOo9F+dMUmC2Lcb4BbVvnKJxTPjCm+RRpe4gDuGrzkL7mEVl/djYSu2OdQ2Pa302N4oqkSg9ir6jaLWJ2USVpQ==",
      "dev": true,
      "dependencies": {
        "to-regex-range": "^5.0.1"
      },
      "engines": {
        "node": ">=8"
      }
    },
    "node_modules/fsevents": {
      "version": "2.3.2",
      "resolved": "https://registry.npmjs.org/fsevents/-/fsevents-2.3.2.tgz",
      "integrity": "sha512-xiqMQR4xAeHTuB9uWm+fFRcIOgKBMiOBP+eXiyT7jsgVCq1bkVygt00oASowB7EdtpOHaaPgKt812P9ab+DDKA==",
      "dev": true,
      "hasInstallScript": true,
      "optional": true,
      "os": [
        "darwin"
      ],
      "engines": {
        "node": "^8.16.0 || ^10.6.0 || >=11.0.0"
      }
    },
    "node_modules/glob-parent": {
      "version": "5.1.2",
      "resolved": "https://registry.npmjs.org/glob-parent/-/glob-parent-5.1.2.tgz",
      "integrity": "sha512-AOIgSQCepiJYwP3ARnGx+5VnTu2HBYdzbGP45eLw1vr3zB3vZLeyed1sC9hnbcOc9/SrMyM5RPQrkGz4aS9Zow==",
      "dev": true,
      "dependencies": {
        "is-glob": "^4.0.1"
      },
      "engines": {
        "node": ">= 6"
      }
    },
    "node_modules/gzip-size": {
      "version": "6.0.0",
      "resolved": "https://registry.npmjs.org/gzip-size/-/gzip-size-6.0.0.tgz",
      "integrity": "sha512-ax7ZYomf6jqPTQ4+XCpUGyXKHk5WweS+e05MBO4/y3WJ5RkmPXNKvX+bx1behVILVwr6JSQvZAku021CHPXG3Q==",
      "dev": true,
      "dependencies": {
        "duplexer": "^0.1.2"
      },
      "engines": {
        "node": ">=10"
      },
      "funding": {
        "url": "https://github.com/sponsors/sindresorhus"
      }
    },
    "node_modules/import-meta-resolve": {
      "version": "1.1.1",
      "resolved": "https://registry.npmjs.org/import-meta-resolve/-/import-meta-resolve-1.1.1.tgz",
      "integrity": "sha512-JiTuIvVyPaUg11eTrNDx5bgQ/yMKMZffc7YSjvQeSMXy58DO2SQ8BtAf3xteZvmzvjYh14wnqNjL8XVeDy2o9A==",
      "dev": true,
      "dependencies": {
        "builtins": "^4.0.0"
      },
      "funding": {
        "type": "github",
        "url": "https://github.com/sponsors/wooorm"
      }
    },
    "node_modules/is-binary-path": {
      "version": "2.1.0",
      "resolved": "https://registry.npmjs.org/is-binary-path/-/is-binary-path-2.1.0.tgz",
      "integrity": "sha512-ZMERYes6pDydyuGidse7OsHxtbI7WVeUEozgR/g7rd0xUimYNlvZRE/K2MgZTjWy725IfelLeVcEM97mmtRGXw==",
      "dev": true,
      "dependencies": {
        "binary-extensions": "^2.0.0"
      },
      "engines": {
        "node": ">=8"
      }
    },
    "node_modules/is-extglob": {
      "version": "2.1.1",
      "resolved": "https://registry.npmjs.org/is-extglob/-/is-extglob-2.1.1.tgz",
      "integrity": "sha1-qIwCU1eR8C7TfHahueqXc8gz+MI=",
      "dev": true,
      "engines": {
        "node": ">=0.10.0"
      }
    },
    "node_modules/is-glob": {
      "version": "4.0.3",
      "resolved": "https://registry.npmjs.org/is-glob/-/is-glob-4.0.3.tgz",
      "integrity": "sha512-xelSayHH36ZgE7ZWhli7pW34hNbNl8Ojv5KVmkJD4hBdD3th8Tfk9vYasLM+mXWOZhFkgZfxhLSnrwRr4elSSg==",
      "dev": true,
      "dependencies": {
        "is-extglob": "^2.1.1"
      },
      "engines": {
        "node": ">=0.10.0"
      }
    },
    "node_modules/is-number": {
      "version": "7.0.0",
      "resolved": "https://registry.npmjs.org/is-number/-/is-number-7.0.0.tgz",
      "integrity": "sha512-41Cifkg6e8TylSpdtTpeLVMqvSBEVzTttHvERD741+pnZ8ANv0004MRL43QKPDlK9cGvNp6NZWZUBlbGXYxxng==",
      "dev": true,
      "engines": {
        "node": ">=0.12.0"
      }
    },
    "node_modules/jiti": {
      "version": "1.12.9",
      "resolved": "https://registry.npmjs.org/jiti/-/jiti-1.12.9.tgz",
      "integrity": "sha512-TdcJywkQtcwLxogc4rSMAi479G2eDPzfW0fLySks7TPhgZZ4s/tM6stnzayIh3gS/db3zExWJyUx4cNWrwAmoQ==",
      "dev": true,
      "bin": {
        "jiti": "bin/jiti.js"
      }
    },
    "node_modules/local-pkg": {
      "version": "0.4.0",
      "resolved": "https://registry.npmjs.org/local-pkg/-/local-pkg-0.4.0.tgz",
      "integrity": "sha512-2XBWjO/v63JeR1HPzLJxdTVRQDB84Av2p2KtBA5ahvpyLUPubcAU6iXlAJrONcY7aSqgJhXxElAnKtnYsRolPQ==",
      "dev": true,
      "dependencies": {
        "mlly": "^0.2.2"
      },
      "engines": {
        "node": ">=14"
      },
      "funding": {
        "url": "https://github.com/sponsors/antfu"
      }
    },
    "node_modules/lru-cache": {
      "version": "6.0.0",
      "resolved": "https://registry.npmjs.org/lru-cache/-/lru-cache-6.0.0.tgz",
      "integrity": "sha512-Jo6dJ04CmSjuznwJSS3pUeWmd/H0ffTlkXXgwZi+eq1UCmqQwCh+eLsYOYCwY991i2Fah4h1BEMCx4qThGbsiA==",
      "dev": true,
      "dependencies": {
        "yallist": "^4.0.0"
      },
      "engines": {
        "node": ">=10"
      }
    },
    "node_modules/merge2": {
      "version": "1.4.1",
      "resolved": "https://registry.npmjs.org/merge2/-/merge2-1.4.1.tgz",
      "integrity": "sha512-8q7VEgMJW4J8tcfVPy8g09NcQwZdbwFEqhe/WZkoIzjn/3TGDwtOCYtXGxA3O8tPzpczCCDgv+P2P5y00ZJOOg==",
      "dev": true,
      "engines": {
        "node": ">= 8"
      }
    },
    "node_modules/micromatch": {
      "version": "4.0.4",
      "resolved": "https://registry.npmjs.org/micromatch/-/micromatch-4.0.4.tgz",
      "integrity": "sha512-pRmzw/XUcwXGpD9aI9q/0XOwLNygjETJ8y0ao0wdqprrzDa4YnxLcz7fQRZr8voh8V10kGhABbNcHVk5wHgWwg==",
      "dev": true,
      "dependencies": {
        "braces": "^3.0.1",
        "picomatch": "^2.2.3"
      },
      "engines": {
        "node": ">=8.6"
      }
    },
    "node_modules/mlly": {
      "version": "0.2.10",
      "resolved": "https://registry.npmjs.org/mlly/-/mlly-0.2.10.tgz",
      "integrity": "sha512-xfyW6c2QBGArtctzNnTV5leOKX8nOMz2simeubtXofdsdSJFSNw+Ncvrs8kxcN3pBrQLXuYBHNFV6NgZ5Ryf4A==",
      "dev": true,
      "dependencies": {
        "import-meta-resolve": "^1.1.1"
      }
    },
    "node_modules/mrmime": {
      "version": "1.0.0",
      "resolved": "https://registry.npmjs.org/mrmime/-/mrmime-1.0.0.tgz",
      "integrity": "sha512-a70zx7zFfVO7XpnQ2IX1Myh9yY4UYvfld/dikWRnsXxbyvMcfz+u6UfgNAtH+k2QqtJuzVpv6eLTx1G2+WKZbQ==",
      "dev": true,
      "engines": {
        "node": ">=10"
      }
    },
    "node_modules/normalize-path": {
      "version": "3.0.0",
      "resolved": "https://registry.npmjs.org/normalize-path/-/normalize-path-3.0.0.tgz",
      "integrity": "sha512-6eZs5Ls3WtCisHWp9S2GUy8dqkpGi4BVSz3GaqiE6ezub0512ESztXUwUB6C6IKbQkY2Pnb/mD4WYojCRwcwLA==",
      "dev": true,
      "engines": {
        "node": ">=0.10.0"
      }
    },
    "node_modules/pathe": {
      "version": "0.2.0",
      "resolved": "https://registry.npmjs.org/pathe/-/pathe-0.2.0.tgz",
      "integrity": "sha512-sTitTPYnn23esFR3RlqYBWn4c45WGeLcsKzQiUpXJAyfcWkolvlYpV8FLo7JishK946oQwMFUCHXQ9AjGPKExw==",
      "dev": true
    },
    "node_modules/picomatch": {
      "version": "2.3.0",
      "resolved": "https://registry.npmjs.org/picomatch/-/picomatch-2.3.0.tgz",
      "integrity": "sha512-lY1Q/PiJGC2zOv/z391WOTD+Z02bCgsFfvxoXXf6h7kv9o+WmsmzYqrAwY63sNgOxE4xEdq0WyUnXfKeBrSvYw==",
      "dev": true,
      "engines": {
        "node": ">=8.6"
      },
      "funding": {
        "url": "https://github.com/sponsors/jonschlinkert"
      }
    },
    "node_modules/queue-microtask": {
      "version": "1.2.3",
      "resolved": "https://registry.npmjs.org/queue-microtask/-/queue-microtask-1.2.3.tgz",
      "integrity": "sha512-NuaNSa6flKT5JaSYQzJok04JzTL1CA6aGhv5rfLW3PgqA+M2ChpZQnAC8h8i4ZFkBS8X5RqkDBHA7r4hej3K9A==",
      "dev": true,
      "funding": [
        {
          "type": "github",
          "url": "https://github.com/sponsors/feross"
        },
        {
          "type": "patreon",
          "url": "https://www.patreon.com/feross"
        },
        {
          "type": "consulting",
          "url": "https://feross.org/support"
        }
      ]
    },
    "node_modules/readdirp": {
      "version": "3.6.0",
      "resolved": "https://registry.npmjs.org/readdirp/-/readdirp-3.6.0.tgz",
      "integrity": "sha512-hOS089on8RduqdbhvQ5Z37A0ESjsqz6qnRcffsMU3495FuTdqSm+7bhJ29JvIOsBDEEnan5DPu9t3To9VRlMzA==",
      "dev": true,
      "dependencies": {
        "picomatch": "^2.2.1"
      },
      "engines": {
        "node": ">=8.10.0"
      }
    },
    "node_modules/reusify": {
      "version": "1.0.4",
      "resolved": "https://registry.npmjs.org/reusify/-/reusify-1.0.4.tgz",
      "integrity": "sha512-U9nH88a3fc/ekCF1l0/UP1IosiuIjyTh7hBvXVMHYgVcfGvt897Xguj2UOLDeI5BG2m7/uwyaLVT6fbtCwTyzw==",
      "dev": true,
      "engines": {
        "iojs": ">=1.0.0",
        "node": ">=0.10.0"
      }
    },
    "node_modules/run-parallel": {
      "version": "1.2.0",
      "resolved": "https://registry.npmjs.org/run-parallel/-/run-parallel-1.2.0.tgz",
      "integrity": "sha512-5l4VyZR86LZ/lDxZTR6jqL8AFE2S0IFLMP26AbjsLVADxHdhB/c0GUsH+y39UfCi3dzz8OlQuPmnaJOMoDHQBA==",
      "dev": true,
      "funding": [
        {
          "type": "github",
          "url": "https://github.com/sponsors/feross"
        },
        {
          "type": "patreon",
          "url": "https://www.patreon.com/feross"
        },
        {
          "type": "consulting",
          "url": "https://feross.org/support"
        }
      ],
      "dependencies": {
        "queue-microtask": "^1.2.2"
      }
    },
    "node_modules/semver": {
      "version": "7.3.5",
      "resolved": "https://registry.npmjs.org/semver/-/semver-7.3.5.tgz",
      "integrity": "sha512-PoeGJYh8HK4BTO/a9Tf6ZG3veo/A7ZVsYrSA6J8ny9nb3B1VrpkuN+z9OE5wfE5p6H4LchYZsegiQgbJD94ZFQ==",
      "dev": true,
      "dependencies": {
        "lru-cache": "^6.0.0"
      },
      "bin": {
        "semver": "bin/semver.js"
      },
      "engines": {
        "node": ">=10"
      }
    },
    "node_modules/sirv": {
      "version": "1.0.19",
      "resolved": "https://registry.npmjs.org/sirv/-/sirv-1.0.19.tgz",
      "integrity": "sha512-JuLThK3TnZG1TAKDwNIqNq6QA2afLOCcm+iE8D1Kj3GA40pSPsxQjjJl0J8X3tsR7T+CP1GavpzLwYkgVLWrZQ==",
      "dev": true,
      "dependencies": {
        "@polka/url": "^1.0.0-next.20",
        "mrmime": "^1.0.0",
        "totalist": "^1.0.0"
      },
      "engines": {
        "node": ">= 10"
      }
    },
    "node_modules/to-regex-range": {
      "version": "5.0.1",
      "resolved": "https://registry.npmjs.org/to-regex-range/-/to-regex-range-5.0.1.tgz",
      "integrity": "sha512-65P7iz6X5yEr1cwcgvQxbbIw7Uk3gOy5dIdtZ4rDveLqhrdJP+Li/Hx6tyK0NEb+2GCyneCMJiGqrADCSNk8sQ==",
      "dev": true,
      "dependencies": {
        "is-number": "^7.0.0"
      },
      "engines": {
        "node": ">=8.0"
      }
    },
    "node_modules/totalist": {
      "version": "1.1.0",
      "resolved": "https://registry.npmjs.org/totalist/-/totalist-1.1.0.tgz",
      "integrity": "sha512-gduQwd1rOdDMGxFG1gEvhV88Oirdo2p+KjoYFU7k2g+i7n6AFFbDQ5kMPUsW0pNbfQsB/cwXvT1i4Bue0s9g5g==",
      "dev": true,
      "engines": {
        "node": ">=6"
      }
    },
    "node_modules/unconfig": {
      "version": "0.2.2",
      "resolved": "https://registry.npmjs.org/unconfig/-/unconfig-0.2.2.tgz",
      "integrity": "sha512-JN1MeYJ/POnjBj7NgOJJxPp6+NcD6Nd0hEuK0D89kjm9GvQQUq8HeE2Eb7PZgtu+64mWkDiqeJn1IZoLH7htPg==",
      "dev": true,
      "dependencies": {
        "@antfu/utils": "^0.3.0",
        "defu": "^5.0.0",
        "jiti": "^1.12.9"
      },
      "funding": {
        "url": "https://github.com/sponsors/antfu"
      }
    },
    "node_modules/unocss": {
      "version": "0.16.2",
      "resolved": "https://registry.npmjs.org/unocss/-/unocss-0.16.2.tgz",
      "integrity": "sha512-GNBO66/M7Iz7MBp2PJD4d+sp138wn8fsu6kUfn+KQRv1Ku47BvDgFWDQ2SpN+P6rUynlyV1y4ohKPv/ulWp1eg==",
      "dev": true,
      "dependencies": {
        "@unocss/cli": "0.16.2",
        "@unocss/core": "0.16.2",
        "@unocss/preset-attributify": "0.16.2",
        "@unocss/preset-icons": "0.16.2",
        "@unocss/preset-uno": "0.16.2",
        "@unocss/reset": "0.16.2",
        "@unocss/vite": "0.16.2"
      },
      "engines": {
        "node": ">=14"
      },
      "funding": {
        "url": "https://github.com/sponsors/antfu"
      }
    },
    "node_modules/yallist": {
      "version": "4.0.0",
      "resolved": "https://registry.npmjs.org/yallist/-/yallist-4.0.0.tgz",
      "integrity": "sha512-3wdGidZyq5PB084XLES5TpOSRA3wjXAlIWMhum2kRcv/41Sn2emQ0dycQW4uZXLejwKvg6EsvbdlVL+FYEct7A==",
      "dev": true
    }
  },
  "dependencies": {
    "@antfu/utils": {
      "version": "0.3.0",
      "resolved": "https://registry.npmjs.org/@antfu/utils/-/utils-0.3.0.tgz",
      "integrity": "sha512-UU8TLr/EoXdg7OjMp0h9oDoIAVr+Z/oW9cpOxQQyrsz6Qzd2ms/1CdWx8fl2OQdFpxGmq5Vc4TwfLHId6nAZjA==",
      "dev": true,
      "requires": {
        "@types/throttle-debounce": "^2.1.0"
      }
    },
    "@iconify/types": {
      "version": "1.0.12",
      "resolved": "https://registry.npmjs.org/@iconify/types/-/types-1.0.12.tgz",
      "integrity": "sha512-6er6wSGF3hgc1JEZqiGpg21CTCjHBYOUwqLmb2Idzkjiw6ogalGP0ZMLVutCzah+0WB4yP+Zd2oVPN8jvJ+Ftg==",
      "dev": true
    },
    "@iconify/utils": {
      "version": "1.0.20",
      "resolved": "https://registry.npmjs.org/@iconify/utils/-/utils-1.0.20.tgz",
      "integrity": "sha512-J5IriR8KeANs8vIEFKWzOlOvNgZHkwqkmqaIwvqtuDbBeFHtXGfM/LYMDmjtRJ0AAa7f254qw6TK7gAibYfHUA==",
      "dev": true,
      "requires": {
        "@iconify/types": "^1.0.12"
      }
    },
    "@nodelib/fs.scandir": {
      "version": "2.1.5",
      "resolved": "https://registry.npmjs.org/@nodelib/fs.scandir/-/fs.scandir-2.1.5.tgz",
      "integrity": "sha512-vq24Bq3ym5HEQm2NKCr3yXDwjc7vTsEThRDnkp2DK9p1uqLR+DHurm/NOTo0KG7HYHU7eppKZj3MyqYuMBf62g==",
      "dev": true,
      "requires": {
        "@nodelib/fs.stat": "2.0.5",
        "run-parallel": "^1.1.9"
      }
    },
    "@nodelib/fs.stat": {
      "version": "2.0.5",
      "resolved": "https://registry.npmjs.org/@nodelib/fs.stat/-/fs.stat-2.0.5.tgz",
      "integrity": "sha512-RkhPPp2zrqDAQA/2jNhnztcPAlv64XdhIp7a7454A5ovI7Bukxgt7MX7udwAu3zg1DcpPU0rz3VV1SeaqvY4+A==",
      "dev": true
    },
    "@nodelib/fs.walk": {
      "version": "1.2.8",
      "resolved": "https://registry.npmjs.org/@nodelib/fs.walk/-/fs.walk-1.2.8.tgz",
      "integrity": "sha512-oGB+UxlgWcgQkgwo8GcEGwemoTFt3FIO9ababBmaGwXIoBKZ+GTy0pP185beGg7Llih/NSHSV2XAs1lnznocSg==",
      "dev": true,
      "requires": {
        "@nodelib/fs.scandir": "2.1.5",
        "fastq": "^1.6.0"
      }
    },
    "@polka/url": {
      "version": "1.0.0-next.21",
      "resolved": "https://registry.npmjs.org/@polka/url/-/url-1.0.0-next.21.tgz",
      "integrity": "sha512-a5Sab1C4/icpTZVzZc5Ghpz88yQtGOyNqYXcZgOssB2uuAr+wF/MvN6bgtW32q7HHrvBki+BsZ0OuNv6EV3K9g==",
      "dev": true
    },
    "@rollup/pluginutils": {
      "version": "4.1.1",
      "resolved": "https://registry.npmjs.org/@rollup/pluginutils/-/pluginutils-4.1.1.tgz",
      "integrity": "sha512-clDjivHqWGXi7u+0d2r2sBi4Ie6VLEAzWMIkvJLnDmxoOhBYOTfzGbOQBA32THHm11/LiJbd01tJUpJsbshSWQ==",
      "dev": true,
      "requires": {
        "estree-walker": "^2.0.1",
        "picomatch": "^2.2.2"
      }
    },
    "@types/node": {
      "version": "16.11.12",
      "resolved": "https://registry.npmjs.org/@types/node/-/node-16.11.12.tgz",
      "integrity": "sha512-+2Iggwg7PxoO5Kyhvsq9VarmPbIelXP070HMImEpbtGCoyWNINQj4wzjbQCXzdHTRXnqufutJb5KAURZANNBAw==",
      "dev": true
    },
    "@types/throttle-debounce": {
      "version": "2.1.0",
      "resolved": "https://registry.npmjs.org/@types/throttle-debounce/-/throttle-debounce-2.1.0.tgz",
      "integrity": "sha512-5eQEtSCoESnh2FsiLTxE121IiE60hnMqcb435fShf4bpLRjEu1Eoekht23y6zXS9Ts3l+Szu3TARnTsA0GkOkQ==",
      "dev": true
    },
    "@unocss/cli": {
      "version": "0.16.2",
      "resolved": "https://registry.npmjs.org/@unocss/cli/-/cli-0.16.2.tgz",
      "integrity": "sha512-FT+O6cbGreuyLr1SBhmYzbfXRo2Vqaz6jn6auHdkY28fa2aYe61u6A/GqaTm5GVMmohgJATS+g5fuZYu4iSjxQ==",
      "dev": true,
      "requires": {
        "@unocss/config": "0.16.2",
        "@unocss/core": "0.16.2",
        "@unocss/preset-uno": "0.16.2",
        "cac": "^6.7.12",
        "chokidar": "^3.5.2",
        "colorette": "^2.0.16",
        "consola": "^2.15.3",
        "fast-glob": "^3.2.7",
        "pathe": "^0.2.0"
      }
    },
    "@unocss/config": {
      "version": "0.16.2",
      "resolved": "https://registry.npmjs.org/@unocss/config/-/config-0.16.2.tgz",
      "integrity": "sha512-luu4fmxXD3MZjIU+kQQrJTA+LK3u3CAITKFR82MZ9fOhW72R1iH4/lUQKDj06oZFCM42/KKYSgPtN+pelxLVHA==",
      "dev": true,
      "requires": {
        "@unocss/core": "0.16.2",
        "unconfig": "^0.2.2"
      }
    },
    "@unocss/core": {
      "version": "0.16.2",
      "resolved": "https://registry.npmjs.org/@unocss/core/-/core-0.16.2.tgz",
      "integrity": "sha512-oBCikoRwfKAGeyEAMgdDrIEo9R/37+xwHdIGD7ayH/ODXgrPLR7GppZpHXNHgAPgVY74gz+WTf9sXXwf7XNEbw==",
      "dev": true
    },
    "@unocss/inspector": {
      "version": "0.16.2",
      "resolved": "https://registry.npmjs.org/@unocss/inspector/-/inspector-0.16.2.tgz",
      "integrity": "sha512-CD4WTqsKl3AryJeiIq1H8Sxpk87WGFl59PA3UOkbcLxEhn4W0P4Sf0I4ORyBxUDrH3n3Ovk93PBB756/G3bDrg==",
      "dev": true,
      "requires": {
        "gzip-size": "^6.0.0",
        "sirv": "^1.0.19"
      }
    },
    "@unocss/preset-attributify": {
      "version": "0.16.2",
      "resolved": "https://registry.npmjs.org/@unocss/preset-attributify/-/preset-attributify-0.16.2.tgz",
      "integrity": "sha512-ljN1tsFWSeOnX9PZ/aLKAyFm5dUwfero2Px1Vo9T50rmjq/3HngJvThLFVpbAVei6pzlMAwHK5sirG7Zzob39g==",
      "dev": true,
      "requires": {
        "@unocss/core": "0.16.2"
      }
    },
    "@unocss/preset-icons": {
      "version": "0.16.2",
      "resolved": "https://registry.npmjs.org/@unocss/preset-icons/-/preset-icons-0.16.2.tgz",
      "integrity": "sha512-rVSyK0byGuaIv/WwvgXxyYSxxRn7ju5GWTygacVQsdyF8bUOtLsD4oey/5Y8kgtbV+2M7E3gabL/IW5lWATsMw==",
      "dev": true,
      "requires": {
        "@iconify/utils": "^1.0.20",
        "@unocss/core": "0.16.2",
        "local-pkg": "^0.4.0"
      }
    },
    "@unocss/preset-mini": {
      "version": "0.16.2",
      "resolved": "https://registry.npmjs.org/@unocss/preset-mini/-/preset-mini-0.16.2.tgz",
      "integrity": "sha512-nxaSepqMxRtOhmDVs8s0nUk8MwUZcioN8vfyXDS3+fgjS64Gu0KZl8Lalt/j3ptT+y4rFrW15zgdHMXxaVb5gw==",
      "dev": true,
      "requires": {
        "@unocss/core": "0.16.2"
      }
    },
    "@unocss/preset-uno": {
      "version": "0.16.2",
      "resolved": "https://registry.npmjs.org/@unocss/preset-uno/-/preset-uno-0.16.2.tgz",
      "integrity": "sha512-fNqLWdC1ijq4iHxzmJ3aJwBV7vImGqIAq5sqQ7I4WfhTxlHCG/Uyzq1Mmr9XLlzJ9mB5KS2SuK0GOxAmXnVFbA==",
      "dev": true,
      "requires": {
        "@unocss/core": "0.16.2",
        "@unocss/preset-mini": "0.16.2",
        "@unocss/preset-wind": "0.16.2"
      }
    },
    "@unocss/preset-wind": {
      "version": "0.16.2",
      "resolved": "https://registry.npmjs.org/@unocss/preset-wind/-/preset-wind-0.16.2.tgz",
      "integrity": "sha512-kcVKdroO9HVQpNjswetHLqAs/bZ3b2HxTDYH0ptIZhRHLTYjr4eiBLogQ3MRpnHMPL6gU6m3RsXhu7YnIbic7g==",
      "dev": true,
      "requires": {
        "@unocss/core": "0.16.2",
        "@unocss/preset-mini": "0.16.2"
      }
    },
    "@unocss/reset": {
      "version": "0.16.2",
      "resolved": "https://registry.npmjs.org/@unocss/reset/-/reset-0.16.2.tgz",
      "integrity": "sha512-QeJnGFGUsv6OUkFyJctXwezV6zJkQWbfX/sPntWz7szMfHv/tZqmMhrb8mex3qhs2R4LGMRqsvLydCivtJZz7w==",
      "dev": true
    },
    "@unocss/scope": {
      "version": "0.16.2",
      "resolved": "https://registry.npmjs.org/@unocss/scope/-/scope-0.16.2.tgz",
      "integrity": "sha512-j+7l3eH4Pij9ObEtDjH2ZM8RsUjuSYzhhh63v6T/iQoRLFPreYKpPpd20PxZXdJ93w5Ygo1uBTGn1g1ST/V3tg==",
      "dev": true
    },
    "@unocss/vite": {
      "version": "0.16.2",
      "resolved": "https://registry.npmjs.org/@unocss/vite/-/vite-0.16.2.tgz",
      "integrity": "sha512-EzI8JUVQF+09Iw1Tlc1twyveR/DawJknyxfCL9SEYRKQ8abTVRBuAWtnL9PEFbioW//dKay5k4kk/s/TRvdL/g==",
      "dev": true,
      "requires": {
        "@rollup/pluginutils": "^4.1.1",
        "@unocss/config": "0.16.2",
        "@unocss/core": "0.16.2",
        "@unocss/inspector": "0.16.2",
        "@unocss/scope": "0.16.2"
      }
    },
    "anymatch": {
      "version": "3.1.2",
      "resolved": "https://registry.npmjs.org/anymatch/-/anymatch-3.1.2.tgz",
      "integrity": "sha512-P43ePfOAIupkguHUycrc4qJ9kz8ZiuOUijaETwX7THt0Y/GNK7v0aa8rY816xWjZ7rJdA5XdMcpVFTKMq+RvWg==",
      "dev": true,
      "requires": {
        "normalize-path": "^3.0.0",
        "picomatch": "^2.0.4"
      }
    },
    "binary-extensions": {
      "version": "2.2.0",
      "resolved": "https://registry.npmjs.org/binary-extensions/-/binary-extensions-2.2.0.tgz",
      "integrity": "sha512-jDctJ/IVQbZoJykoeHbhXpOlNBqGNcwXJKJog42E5HDPUwQTSdjCHdihjj0DlnheQ7blbT6dHOafNAiS8ooQKA==",
      "dev": true
    },
    "braces": {
      "version": "3.0.2",
      "resolved": "https://registry.npmjs.org/braces/-/braces-3.0.2.tgz",
      "integrity": "sha512-b8um+L1RzM3WDSzvhm6gIz1yfTbBt6YTlcEKAvsmqCZZFw46z626lVj9j1yEPW33H5H+lBQpZMP1k8l+78Ha0A==",
      "dev": true,
      "requires": {
        "fill-range": "^7.0.1"
      }
    },
    "builtins": {
      "version": "4.0.0",
      "resolved": "https://registry.npmjs.org/builtins/-/builtins-4.0.0.tgz",
      "integrity": "sha512-qC0E2Dxgou1IHhvJSLwGDSTvokbRovU5zZFuDY6oY8Y2lF3nGt5Ad8YZK7GMtqzY84Wu7pXTPeHQeHcXSXsRhw==",
      "dev": true,
      "requires": {
        "semver": "^7.0.0"
      }
    },
    "cac": {
      "version": "6.7.12",
      "resolved": "https://registry.npmjs.org/cac/-/cac-6.7.12.tgz",
      "integrity": "sha512-rM7E2ygtMkJqD9c7WnFU6fruFcN3xe4FM5yUmgxhZzIKJk4uHl9U/fhwdajGFQbQuv43FAUo1Fe8gX/oIKDeSA==",
      "dev": true
    },
    "chokidar": {
      "version": "3.5.2",
      "resolved": "https://registry.npmjs.org/chokidar/-/chokidar-3.5.2.tgz",
      "integrity": "sha512-ekGhOnNVPgT77r4K/U3GDhu+FQ2S8TnK/s2KbIGXi0SZWuwkZ2QNyfWdZW+TVfn84DpEP7rLeCt2UI6bJ8GwbQ==",
      "dev": true,
      "requires": {
        "anymatch": "~3.1.2",
        "braces": "~3.0.2",
        "fsevents": "~2.3.2",
        "glob-parent": "~5.1.2",
        "is-binary-path": "~2.1.0",
        "is-glob": "~4.0.1",
        "normalize-path": "~3.0.0",
        "readdirp": "~3.6.0"
      }
    },
    "colorette": {
      "version": "2.0.16",
      "resolved": "https://registry.npmjs.org/colorette/-/colorette-2.0.16.tgz",
      "integrity": "sha512-hUewv7oMjCp+wkBv5Rm0v87eJhq4woh5rSR+42YSQJKecCqgIqNkZ6lAlQms/BwHPJA5NKMRlpxPRv0n8HQW6g==",
      "dev": true
    },
    "consola": {
      "version": "2.15.3",
      "resolved": "https://registry.npmjs.org/consola/-/consola-2.15.3.tgz",
      "integrity": "sha512-9vAdYbHj6x2fLKC4+oPH0kFzY/orMZyG2Aj+kNylHxKGJ/Ed4dpNyAQYwJOdqO4zdM7XpVHmyejQDcQHrnuXbw==",
      "dev": true
    },
    "defu": {
      "version": "5.0.0",
      "resolved": "https://registry.npmjs.org/defu/-/defu-5.0.0.tgz",
      "integrity": "sha512-VHg73EDeRXlu7oYWRmmrNp/nl7QkdXUxkQQKig0Zk8daNmm84AbGoC8Be6/VVLJEKxn12hR0UBmz8O+xQiAPKQ==",
      "dev": true
    },
    "duplexer": {
      "version": "0.1.2",
      "resolved": "https://registry.npmjs.org/duplexer/-/duplexer-0.1.2.tgz",
      "integrity": "sha512-jtD6YG370ZCIi/9GTaJKQxWTZD045+4R4hTk/x1UyoqadyJ9x9CgSi1RlVDQF8U2sxLLSnFkCaMihqljHIWgMg==",
      "dev": true
    },
    "estree-walker": {
      "version": "2.0.2",
      "resolved": "https://registry.npmjs.org/estree-walker/-/estree-walker-2.0.2.tgz",
      "integrity": "sha512-Rfkk/Mp/DL7JVje3u18FxFujQlTNR2q6QfMSMB7AvCBx91NGj/ba3kCfza0f6dVDbw7YlRf/nDrn7pQrCCyQ/w==",
      "dev": true
    },
    "fast-glob": {
      "version": "3.2.7",
      "resolved": "https://registry.npmjs.org/fast-glob/-/fast-glob-3.2.7.tgz",
      "integrity": "sha512-rYGMRwip6lUMvYD3BTScMwT1HtAs2d71SMv66Vrxs0IekGZEjhM0pcMfjQPnknBt2zeCwQMEupiN02ZP4DiT1Q==",
      "dev": true,
      "requires": {
        "@nodelib/fs.stat": "^2.0.2",
        "@nodelib/fs.walk": "^1.2.3",
        "glob-parent": "^5.1.2",
        "merge2": "^1.3.0",
        "micromatch": "^4.0.4"
      }
    },
    "fastq": {
      "version": "1.13.0",
      "resolved": "https://registry.npmjs.org/fastq/-/fastq-1.13.0.tgz",
      "integrity": "sha512-YpkpUnK8od0o1hmeSc7UUs/eB/vIPWJYjKck2QKIzAf71Vm1AAQ3EbuZB3g2JIy+pg+ERD0vqI79KyZiB2e2Nw==",
      "dev": true,
      "requires": {
        "reusify": "^1.0.4"
      }
    },
    "fill-range": {
      "version": "7.0.1",
      "resolved": "https://registry.npmjs.org/fill-range/-/fill-range-7.0.1.tgz",
      "integrity": "sha512-qOo9F+dMUmC2Lcb4BbVvnKJxTPjCm+RRpe4gDuGrzkL7mEVl/djYSu2OdQ2Pa302N4oqkSg9ir6jaLWJ2USVpQ==",
      "dev": true,
      "requires": {
        "to-regex-range": "^5.0.1"
      }
    },
    "fsevents": {
      "version": "2.3.2",
      "resolved": "https://registry.npmjs.org/fsevents/-/fsevents-2.3.2.tgz",
      "integrity": "sha512-xiqMQR4xAeHTuB9uWm+fFRcIOgKBMiOBP+eXiyT7jsgVCq1bkVygt00oASowB7EdtpOHaaPgKt812P9ab+DDKA==",
      "dev": true,
      "optional": true
    },
    "glob-parent": {
      "version": "5.1.2",
      "resolved": "https://registry.npmjs.org/glob-parent/-/glob-parent-5.1.2.tgz",
      "integrity": "sha512-AOIgSQCepiJYwP3ARnGx+5VnTu2HBYdzbGP45eLw1vr3zB3vZLeyed1sC9hnbcOc9/SrMyM5RPQrkGz4aS9Zow==",
      "dev": true,
      "requires": {
        "is-glob": "^4.0.1"
      }
    },
    "gzip-size": {
      "version": "6.0.0",
      "resolved": "https://registry.npmjs.org/gzip-size/-/gzip-size-6.0.0.tgz",
      "integrity": "sha512-ax7ZYomf6jqPTQ4+XCpUGyXKHk5WweS+e05MBO4/y3WJ5RkmPXNKvX+bx1behVILVwr6JSQvZAku021CHPXG3Q==",
      "dev": true,
      "requires": {
        "duplexer": "^0.1.2"
      }
    },
    "import-meta-resolve": {
      "version": "1.1.1",
      "resolved": "https://registry.npmjs.org/import-meta-resolve/-/import-meta-resolve-1.1.1.tgz",
      "integrity": "sha512-JiTuIvVyPaUg11eTrNDx5bgQ/yMKMZffc7YSjvQeSMXy58DO2SQ8BtAf3xteZvmzvjYh14wnqNjL8XVeDy2o9A==",
      "dev": true,
      "requires": {
        "builtins": "^4.0.0"
      }
    },
    "is-binary-path": {
      "version": "2.1.0",
      "resolved": "https://registry.npmjs.org/is-binary-path/-/is-binary-path-2.1.0.tgz",
      "integrity": "sha512-ZMERYes6pDydyuGidse7OsHxtbI7WVeUEozgR/g7rd0xUimYNlvZRE/K2MgZTjWy725IfelLeVcEM97mmtRGXw==",
      "dev": true,
      "requires": {
        "binary-extensions": "^2.0.0"
      }
    },
    "is-extglob": {
      "version": "2.1.1",
      "resolved": "https://registry.npmjs.org/is-extglob/-/is-extglob-2.1.1.tgz",
      "integrity": "sha1-qIwCU1eR8C7TfHahueqXc8gz+MI=",
      "dev": true
    },
    "is-glob": {
      "version": "4.0.3",
      "resolved": "https://registry.npmjs.org/is-glob/-/is-glob-4.0.3.tgz",
      "integrity": "sha512-xelSayHH36ZgE7ZWhli7pW34hNbNl8Ojv5KVmkJD4hBdD3th8Tfk9vYasLM+mXWOZhFkgZfxhLSnrwRr4elSSg==",
      "dev": true,
      "requires": {
        "is-extglob": "^2.1.1"
      }
    },
    "is-number": {
      "version": "7.0.0",
      "resolved": "https://registry.npmjs.org/is-number/-/is-number-7.0.0.tgz",
      "integrity": "sha512-41Cifkg6e8TylSpdtTpeLVMqvSBEVzTttHvERD741+pnZ8ANv0004MRL43QKPDlK9cGvNp6NZWZUBlbGXYxxng==",
      "dev": true
    },
    "jiti": {
      "version": "1.12.9",
      "resolved": "https://registry.npmjs.org/jiti/-/jiti-1.12.9.tgz",
      "integrity": "sha512-TdcJywkQtcwLxogc4rSMAi479G2eDPzfW0fLySks7TPhgZZ4s/tM6stnzayIh3gS/db3zExWJyUx4cNWrwAmoQ==",
      "dev": true
    },
    "local-pkg": {
      "version": "0.4.0",
      "resolved": "https://registry.npmjs.org/local-pkg/-/local-pkg-0.4.0.tgz",
      "integrity": "sha512-2XBWjO/v63JeR1HPzLJxdTVRQDB84Av2p2KtBA5ahvpyLUPubcAU6iXlAJrONcY7aSqgJhXxElAnKtnYsRolPQ==",
      "dev": true,
      "requires": {
        "mlly": "^0.2.2"
      }
    },
    "lru-cache": {
      "version": "6.0.0",
      "resolved": "https://registry.npmjs.org/lru-cache/-/lru-cache-6.0.0.tgz",
      "integrity": "sha512-Jo6dJ04CmSjuznwJSS3pUeWmd/H0ffTlkXXgwZi+eq1UCmqQwCh+eLsYOYCwY991i2Fah4h1BEMCx4qThGbsiA==",
      "dev": true,
      "requires": {
        "yallist": "^4.0.0"
      }
    },
    "merge2": {
      "version": "1.4.1",
      "resolved": "https://registry.npmjs.org/merge2/-/merge2-1.4.1.tgz",
      "integrity": "sha512-8q7VEgMJW4J8tcfVPy8g09NcQwZdbwFEqhe/WZkoIzjn/3TGDwtOCYtXGxA3O8tPzpczCCDgv+P2P5y00ZJOOg==",
      "dev": true
    },
    "micromatch": {
      "version": "4.0.4",
      "resolved": "https://registry.npmjs.org/micromatch/-/micromatch-4.0.4.tgz",
      "integrity": "sha512-pRmzw/XUcwXGpD9aI9q/0XOwLNygjETJ8y0ao0wdqprrzDa4YnxLcz7fQRZr8voh8V10kGhABbNcHVk5wHgWwg==",
      "dev": true,
      "requires": {
        "braces": "^3.0.1",
        "picomatch": "^2.2.3"
      }
    },
    "mlly": {
      "version": "0.2.10",
      "resolved": "https://registry.npmjs.org/mlly/-/mlly-0.2.10.tgz",
      "integrity": "sha512-xfyW6c2QBGArtctzNnTV5leOKX8nOMz2simeubtXofdsdSJFSNw+Ncvrs8kxcN3pBrQLXuYBHNFV6NgZ5Ryf4A==",
      "dev": true,
      "requires": {
        "import-meta-resolve": "^1.1.1"
      }
    },
    "mrmime": {
      "version": "1.0.0",
      "resolved": "https://registry.npmjs.org/mrmime/-/mrmime-1.0.0.tgz",
      "integrity": "sha512-a70zx7zFfVO7XpnQ2IX1Myh9yY4UYvfld/dikWRnsXxbyvMcfz+u6UfgNAtH+k2QqtJuzVpv6eLTx1G2+WKZbQ==",
      "dev": true
    },
    "normalize-path": {
      "version": "3.0.0",
      "resolved": "https://registry.npmjs.org/normalize-path/-/normalize-path-3.0.0.tgz",
      "integrity": "sha512-6eZs5Ls3WtCisHWp9S2GUy8dqkpGi4BVSz3GaqiE6ezub0512ESztXUwUB6C6IKbQkY2Pnb/mD4WYojCRwcwLA==",
      "dev": true
    },
    "pathe": {
      "version": "0.2.0",
      "resolved": "https://registry.npmjs.org/pathe/-/pathe-0.2.0.tgz",
      "integrity": "sha512-sTitTPYnn23esFR3RlqYBWn4c45WGeLcsKzQiUpXJAyfcWkolvlYpV8FLo7JishK946oQwMFUCHXQ9AjGPKExw==",
      "dev": true
    },
    "picomatch": {
      "version": "2.3.0",
      "resolved": "https://registry.npmjs.org/picomatch/-/picomatch-2.3.0.tgz",
      "integrity": "sha512-lY1Q/PiJGC2zOv/z391WOTD+Z02bCgsFfvxoXXf6h7kv9o+WmsmzYqrAwY63sNgOxE4xEdq0WyUnXfKeBrSvYw==",
      "dev": true
    },
    "queue-microtask": {
      "version": "1.2.3",
      "resolved": "https://registry.npmjs.org/queue-microtask/-/queue-microtask-1.2.3.tgz",
      "integrity": "sha512-NuaNSa6flKT5JaSYQzJok04JzTL1CA6aGhv5rfLW3PgqA+M2ChpZQnAC8h8i4ZFkBS8X5RqkDBHA7r4hej3K9A==",
      "dev": true
    },
    "readdirp": {
      "version": "3.6.0",
      "resolved": "https://registry.npmjs.org/readdirp/-/readdirp-3.6.0.tgz",
      "integrity": "sha512-hOS089on8RduqdbhvQ5Z37A0ESjsqz6qnRcffsMU3495FuTdqSm+7bhJ29JvIOsBDEEnan5DPu9t3To9VRlMzA==",
      "dev": true,
      "requires": {
        "picomatch": "^2.2.1"
      }
    },
    "reusify": {
      "version": "1.0.4",
      "resolved": "https://registry.npmjs.org/reusify/-/reusify-1.0.4.tgz",
      "integrity": "sha512-U9nH88a3fc/ekCF1l0/UP1IosiuIjyTh7hBvXVMHYgVcfGvt897Xguj2UOLDeI5BG2m7/uwyaLVT6fbtCwTyzw==",
      "dev": true
    },
    "run-parallel": {
      "version": "1.2.0",
      "resolved": "https://registry.npmjs.org/run-parallel/-/run-parallel-1.2.0.tgz",
      "integrity": "sha512-5l4VyZR86LZ/lDxZTR6jqL8AFE2S0IFLMP26AbjsLVADxHdhB/c0GUsH+y39UfCi3dzz8OlQuPmnaJOMoDHQBA==",
      "dev": true,
      "requires": {
        "queue-microtask": "^1.2.2"
      }
    },
    "semver": {
      "version": "7.3.5",
      "resolved": "https://registry.npmjs.org/semver/-/semver-7.3.5.tgz",
      "integrity": "sha512-PoeGJYh8HK4BTO/a9Tf6ZG3veo/A7ZVsYrSA6J8ny9nb3B1VrpkuN+z9OE5wfE5p6H4LchYZsegiQgbJD94ZFQ==",
      "dev": true,
      "requires": {
        "lru-cache": "^6.0.0"
      }
    },
    "sirv": {
      "version": "1.0.19",
      "resolved": "https://registry.npmjs.org/sirv/-/sirv-1.0.19.tgz",
      "integrity": "sha512-JuLThK3TnZG1TAKDwNIqNq6QA2afLOCcm+iE8D1Kj3GA40pSPsxQjjJl0J8X3tsR7T+CP1GavpzLwYkgVLWrZQ==",
      "dev": true,
      "requires": {
        "@polka/url": "^1.0.0-next.20",
        "mrmime": "^1.0.0",
        "totalist": "^1.0.0"
      }
    },
    "to-regex-range": {
      "version": "5.0.1",
      "resolved": "https://registry.npmjs.org/to-regex-range/-/to-regex-range-5.0.1.tgz",
      "integrity": "sha512-65P7iz6X5yEr1cwcgvQxbbIw7Uk3gOy5dIdtZ4rDveLqhrdJP+Li/Hx6tyK0NEb+2GCyneCMJiGqrADCSNk8sQ==",
      "dev": true,
      "requires": {
        "is-number": "^7.0.0"
      }
    },
    "totalist": {
      "version": "1.1.0",
      "resolved": "https://registry.npmjs.org/totalist/-/totalist-1.1.0.tgz",
      "integrity": "sha512-gduQwd1rOdDMGxFG1gEvhV88Oirdo2p+KjoYFU7k2g+i7n6AFFbDQ5kMPUsW0pNbfQsB/cwXvT1i4Bue0s9g5g==",
      "dev": true
    },
    "unconfig": {
      "version": "0.2.2",
      "resolved": "https://registry.npmjs.org/unconfig/-/unconfig-0.2.2.tgz",
      "integrity": "sha512-JN1MeYJ/POnjBj7NgOJJxPp6+NcD6Nd0hEuK0D89kjm9GvQQUq8HeE2Eb7PZgtu+64mWkDiqeJn1IZoLH7htPg==",
      "dev": true,
      "requires": {
        "@antfu/utils": "^0.3.0",
        "defu": "^5.0.0",
        "jiti": "^1.12.9"
      }
    },
    "unocss": {
      "version": "0.16.2",
      "resolved": "https://registry.npmjs.org/unocss/-/unocss-0.16.2.tgz",
      "integrity": "sha512-GNBO66/M7Iz7MBp2PJD4d+sp138wn8fsu6kUfn+KQRv1Ku47BvDgFWDQ2SpN+P6rUynlyV1y4ohKPv/ulWp1eg==",
      "dev": true,
      "requires": {
        "@unocss/cli": "0.16.2",
        "@unocss/core": "0.16.2",
        "@unocss/preset-attributify": "0.16.2",
        "@unocss/preset-icons": "0.16.2",
        "@unocss/preset-uno": "0.16.2",
        "@unocss/reset": "0.16.2",
        "@unocss/vite": "0.16.2"
      }
    },
    "yallist": {
      "version": "4.0.0",
      "resolved": "https://registry.npmjs.org/yallist/-/yallist-4.0.0.tgz",
      "integrity": "sha512-3wdGidZyq5PB084XLES5TpOSRA3wjXAlIWMhum2kRcv/41Sn2emQ0dycQW4uZXLejwKvg6EsvbdlVL+FYEct7A==",
      "dev": true
    }
  }
}
